
Microsoft Visual Studio Solution File, Format Version 12.00
# Visual Studio 15
VisualStudioVersion = 15.0.26228.9
MinimumVisualStudioVersion = 10.0.40219.1
Project("{FAE04EC0-301F-11D3-BF4B-00C04F79EFBC}") = "SRV", "SRV\SRV.csproj", "{DA426960-FB32-44BB-837A-8F6323B00D47}"
EndProject
Project("{FAE04EC0-301F-11D3-BF4B-00C04F79EFBC}") = "ClientBLL", "ClientBLL\ClientBLL.csproj", "{63A2B5BE-7AEF-48A2-AC1D-BC4A8B69C3C8}"
EndProject
Project("{FAE04EC0-301F-11D3-BF4B-00C04F79EFBC}") = "ClientDLL", "ClientDLL\ClientDLL.csproj", "{5109F7B5-9B9C-441D-A6FB-1B671C118BC0}"
EndProject
Project("{FAE04EC0-301F-11D3-BF4B-00C04F79EFBC}") = "EntityModel", "EntityModel\EntityModel.csproj", "{6B581CD8-33BE-4848-8657-5A69ABC2F1A7}"
EndProject
Global
	GlobalSection(SolutionConfigurationPlatforms) = preSolution
		Debug|Any CPU = Debug|Any CPU
		Release|Any CPU = Release|Any CPU
	EndGlobalSection
	GlobalSection(ProjectConfigurationPlatforms) = postSolution
		{DA426960-FB32-44BB-837A-8F6323B00D47}.Debug|Any CPU.ActiveCfg = Debug|Any CPU
		{DA426960-FB32-44BB-837A-8F6323B00D47}.Debug|Any CPU.Build.0 = Debug|Any CPU
		{DA426960-FB32-44BB-837A-8F6323B00D47}.Release|Any CPU.ActiveCfg = Release|Any CPU
		{DA426960-FB32-44BB-837A-8F6323B00D47}.Release|Any CPU.Build.0 = Release|Any CPU
		{63A2B5BE-7AEF-48A2-AC1D-BC4A8B69C3C8}.Debug|Any CPU.ActiveCfg = Debug|Any CPU
		{63A2B5BE-7AEF-48A2-AC1D-BC4A8B69C3C8}.Debug|Any CPU.Build.0 = Debug|Any CPU
		{63A2B5BE-7AEF-48A2-AC1D-BC4A8B69C3C8}.Release|Any CPU.ActiveCfg = Release|Any CPU
		{63A2B5BE-7AEF-48A2-AC1D-BC4A8B69C3C8}.Release|Any CPU.Build.0 = Release|Any CPU
		{5109F7B5-9B9C-441D-A6FB-1B671C118BC0}.Debug|Any CPU.ActiveCfg = Debug|Any CPU
		{5109F7B5-9B9C-441D-A6FB-1B671C118BC0}.Debug|Any CPU.Build.0 = Debug|Any CPU
		{5109F7B5-9B9C-441D-A6FB-1B671C118BC0}.Release|Any CPU.ActiveCfg = Release|Any CPU
		{5109F7B5-9B9C-441D-A6FB-1B671C118BC0}.Release|Any CPU.Build.0 = Release|Any CPU
		{6B581CD8-33BE-4848-8657-5A69ABC2F1A7}.Debug|Any CPU.ActiveCfg = Debug|Any CPU
		{6B581CD8-33BE-4848-8657-5A69ABC2F1A7}.Debug|Any CPU.Build.0 = Debug|Any CPU
		{6B581CD8-33BE-4848-8657-5A69ABC2F1A7}.Release|Any CPU.ActiveCfg = Release|Any CPU
		{6B581CD8-33BE-4848-8657-5A69ABC2F1A7}.Release|Any CPU.Build.0 = Release|Any CPU
	EndGlobalSection
	GlobalSection(SolutionProperties) = preSolution
		HideSolutionNode = FALSE
	EndGlobalSection
EndGlobal
